
Microsoft Visual Studio Solution File, Format Version 12.00
# Visual Studio Version 17
VisualStudioVersion = 17.9.34728.123
MinimumVisualStudioVersion = 10.0.40219.1
Project("{9A19103F-16F7-4668-BE54-9A1E7A4F7556}") = "BiblioPortal", "BiblioPortal\BiblioPortal.csproj", "{21F4CD45-E198-4787-BECE-3D52C7700ED8}"
EndProject
Project("{FAE04EC0-301F-11D3-BF4B-00C04F79EFBC}") = "BiblioPortal.API", "BiblioPortal.API\BiblioPortal.API.csproj", "{9F06A2D7-2D9E-4E44-AA94-299F08785747}"
EndProject
Project("{54A90642-561A-4BB1-A94E-469ADEE60C69}") = "biblioportal.client", "BiblioPortal.Client\biblioportal.client.esproj", "{30D39243-0403-4C68-99A6-F7BDC8A97493}"
EndProject
Global
	GlobalSection(SolutionConfigurationPlatforms) = preSolution
		Debug|Any CPU = Debug|Any CPU
		Release|Any CPU = Release|Any CPU
	EndGlobalSection
	GlobalSection(ProjectConfigurationPlatforms) = postSolution
		{21F4CD45-E198-4787-BECE-3D52C7700ED8}.Debug|Any CPU.ActiveCfg = Debug|Any CPU
		{21F4CD45-E198-4787-BECE-3D52C7700ED8}.Debug|Any CPU.Build.0 = Debug|Any CPU
		{21F4CD45-E198-4787-BECE-3D52C7700ED8}.Release|Any CPU.ActiveCfg = Release|Any CPU
		{21F4CD45-E198-4787-BECE-3D52C7700ED8}.Release|Any CPU.Build.0 = Release|Any CPU
		{9F06A2D7-2D9E-4E44-AA94-299F08785747}.Debug|Any CPU.ActiveCfg = Debug|Any CPU
		{9F06A2D7-2D9E-4E44-AA94-299F08785747}.Debug|Any CPU.Build.0 = Debug|Any CPU
		{9F06A2D7-2D9E-4E44-AA94-299F08785747}.Release|Any CPU.ActiveCfg = Release|Any CPU
		{9F06A2D7-2D9E-4E44-AA94-299F08785747}.Release|Any CPU.Build.0 = Release|Any CPU
		{30D39243-0403-4C68-99A6-F7BDC8A97493}.Debug|Any CPU.ActiveCfg = Debug|Any CPU
		{30D39243-0403-4C68-99A6-F7BDC8A97493}.Debug|Any CPU.Build.0 = Debug|Any CPU
		{30D39243-0403-4C68-99A6-F7BDC8A97493}.Debug|Any CPU.Deploy.0 = Debug|Any CPU
		{30D39243-0403-4C68-99A6-F7BDC8A97493}.Release|Any CPU.ActiveCfg = Release|Any CPU
		{30D39243-0403-4C68-99A6-F7BDC8A97493}.Release|Any CPU.Build.0 = Release|Any CPU
		{30D39243-0403-4C68-99A6-F7BDC8A97493}.Release|Any CPU.Deploy.0 = Release|Any CPU
	EndGlobalSection
	GlobalSection(SolutionProperties) = preSolution
		HideSolutionNode = FALSE
	EndGlobalSection
	GlobalSection(ExtensibilityGlobals) = postSolution
		SolutionGuid = {EB198491-9B1F-42ED-B735-EC2B853EF0E6}
	EndGlobalSection
EndGlobal
